
Microsoft Visual Studio Solution File, Format Version 12.00
# Visual Studio Version 16
VisualStudioVersion = 16.0.33927.289
MinimumVisualStudioVersion = 10.0.40219.1
Project("{2150E333-8FDC-42A3-9474-1A3956D46DE8}") = "Task0", "Task0", "{FEF0D3BE-C1ED-4F0C-B24C-6C648FFB2B5F}"
EndProject
Project("{FAE04EC0-301F-11D3-BF4B-00C04F79EFBC}") = "Tyuiu.PyatkovaAYu.Sprint6.Task0.V8.Lib", "Tyuiu.PyatkovaAYu.Sprint6.Task0.V8.Lib\Tyuiu.PyatkovaAYu.Sprint6.Task0.V8.Lib.csproj", "{50191A2C-B0AC-438D-8511-1E626B22A421}"
EndProject
Project("{FAE04EC0-301F-11D3-BF4B-00C04F79EFBC}") = "Tyuiu.PyatkovaAYu.Sprint6.Task0.V8.Test", "Tyuiu.PyatkovaAYu.Sprint6.Task0.V8.Test\Tyuiu.PyatkovaAYu.Sprint6.Task0.V8.Test.csproj", "{861421DD-08C0-4FAC-82C6-2C676593C5FE}"
EndProject
Project("{2150E333-8FDC-42A3-9474-1A3956D46DE8}") = "Task1", "Task1", "{7D9C2496-EA56-46AC-B76C-751159745902}"
EndProject
Project("{2150E333-8FDC-42A3-9474-1A3956D46DE8}") = "Task2", "Task2", "{57DB2D04-AF9C-49F0-9527-2F2A8C3C52E9}"
EndProject
Project("{2150E333-8FDC-42A3-9474-1A3956D46DE8}") = "Task3", "Task3", "{ABDEB4C7-4E21-47DD-94AF-1B8107D42654}"
EndProject
Project("{FAE04EC0-301F-11D3-BF4B-00C04F79EFBC}") = "Tyuiu.PyatkovaAYu.Sprint6.Task1.V24", "Tyuiu.PyatkovaAYu.Sprint6.Task1.V24\Tyuiu.PyatkovaAYu.Sprint6.Task1.V24.csproj", "{FE79BFB2-22F7-435B-9A83-1048CCEF5DFD}"
EndProject
Project("{FAE04EC0-301F-11D3-BF4B-00C04F79EFBC}") = "Tyuiu.PyatkovaAYu.Sprint6.Task1.V24.Lib", "Tyuiu.PyatkovaAYu.Sprint6.Task1.V24.Lib\Tyuiu.PyatkovaAYu.Sprint6.Task1.V24.Lib.csproj", "{BB8B36C2-C599-406F-9DDA-A77C9BEABC94}"
EndProject
Project("{FAE04EC0-301F-11D3-BF4B-00C04F79EFBC}") = "Tyuiu.PyatkovaAYu.Sprint6.Task1.V24.Test", "Tyuiu.PyatkovaAYu.Sprint6.Task1.V24.Test\Tyuiu.PyatkovaAYu.Sprint6.Task1.V24.Test.csproj", "{CC82272E-E748-4232-BB8B-08391E351FC7}"
EndProject
Project("{FAE04EC0-301F-11D3-BF4B-00C04F79EFBC}") = "Tyuiu.PyatkovaAYu.Sprint6.Task2.V26", "Tyuiu.PyatkovaAYu.Sprint6.Task2.V26\Tyuiu.PyatkovaAYu.Sprint6.Task2.V26.csproj", "{67571C77-4695-44DF-987F-12633A025604}"
EndProject
Project("{FAE04EC0-301F-11D3-BF4B-00C04F79EFBC}") = "Tyuiu.PyatkovaAYu.Sprint6.Task2.V26.Lib", "Tyuiu.PyatkovaAYu.Sprint6.Task2.V26.Lib\Tyuiu.PyatkovaAYu.Sprint6.Task2.V26.Lib.csproj", "{21A3670B-5178-4A53-8827-084C5B561843}"
EndProject
Project("{FAE04EC0-301F-11D3-BF4B-00C04F79EFBC}") = "Tyuiu.PyatkovaAYu.Sprint6.Task2.V26.Test", "Tyuiu.PyatkovaAYu.Sprint6.Task2.V26.Test\Tyuiu.PyatkovaAYu.Sprint6.Task2.V26.Test.csproj", "{A9BC80BD-D91B-4DA9-9C80-9690E9DC850D}"
EndProject
Project("{FAE04EC0-301F-11D3-BF4B-00C04F79EFBC}") = "Tyuiu.PyatkovaAYu.Sprint6.Task3.V16", "Tyuiu.PyatkovaAYu.Sprint6.Task3.V16\Tyuiu.PyatkovaAYu.Sprint6.Task3.V16.csproj", "{1165E778-1962-47B2-9120-4689A3DFDC1A}"
EndProject
Project("{FAE04EC0-301F-11D3-BF4B-00C04F79EFBC}") = "Tyuiu.PyatkovaAYu.Sprint6.Task3.V16.Lib", "Tyuiu.PyatkovaAYu.Sprint6.Task3.V16.Lib\Tyuiu.PyatkovaAYu.Sprint6.Task3.V16.Lib.csproj", "{595DC5DD-92AA-4A0F-AB94-2F59E0A93208}"
EndProject
Project("{FAE04EC0-301F-11D3-BF4B-00C04F79EFBC}") = "Tyuiu.PyatkovaAYu.Sprint6.Task0.V8", "Tyuiu.PyatkovaAYu.Sprint6.Task0.V8\Tyuiu.PyatkovaAYu.Sprint6.Task0.V8.csproj", "{C4331C7A-2114-423C-B0C8-B66BEB16AD70}"
EndProject
Project("{FAE04EC0-301F-11D3-BF4B-00C04F79EFBC}") = "Tyuiu.PyatkovaAYu.Sprint6.Task3.V16.Test", "Tyuiu.PyatkovaAYu.Sprint6.Task3.V16.Test\Tyuiu.PyatkovaAYu.Sprint6.Task3.V16.Test.csproj", "{52A092F0-3B0B-453A-99B5-AFACAB709FF5}"
EndProject
Global
	GlobalSection(SolutionConfigurationPlatforms) = preSolution
		Debug|Any CPU = Debug|Any CPU
		Release|Any CPU = Release|Any CPU
	EndGlobalSection
	GlobalSection(ProjectConfigurationPlatforms) = postSolution
		{50191A2C-B0AC-438D-8511-1E626B22A421}.Debug|Any CPU.ActiveCfg = Debug|Any CPU
		{50191A2C-B0AC-438D-8511-1E626B22A421}.Debug|Any CPU.Build.0 = Debug|Any CPU
		{50191A2C-B0AC-438D-8511-1E626B22A421}.Release|Any CPU.ActiveCfg = Release|Any CPU
		{50191A2C-B0AC-438D-8511-1E626B22A421}.Release|Any CPU.Build.0 = Release|Any CPU
		{861421DD-08C0-4FAC-82C6-2C676593C5FE}.Debug|Any CPU.ActiveCfg = Debug|Any CPU
		{861421DD-08C0-4FAC-82C6-2C676593C5FE}.Debug|Any CPU.Build.0 = Debug|Any CPU
		{861421DD-08C0-4FAC-82C6-2C676593C5FE}.Release|Any CPU.ActiveCfg = Release|Any CPU
		{861421DD-08C0-4FAC-82C6-2C676593C5FE}.Release|Any CPU.Build.0 = Release|Any CPU
		{FE79BFB2-22F7-435B-9A83-1048CCEF5DFD}.Debug|Any CPU.ActiveCfg = Debug|Any CPU
		{FE79BFB2-22F7-435B-9A83-1048CCEF5DFD}.Debug|Any CPU.Build.0 = Debug|Any CPU
		{FE79BFB2-22F7-435B-9A83-1048CCEF5DFD}.Release|Any CPU.ActiveCfg = Release|Any CPU
		{FE79BFB2-22F7-435B-9A83-1048CCEF5DFD}.Release|Any CPU.Build.0 = Release|Any CPU
		{BB8B36C2-C599-406F-9DDA-A77C9BEABC94}.Debug|Any CPU.ActiveCfg = Debug|Any CPU
		{BB8B36C2-C599-406F-9DDA-A77C9BEABC94}.Debug|Any CPU.Build.0 = Debug|Any CPU
		{BB8B36C2-C599-406F-9DDA-A77C9BEABC94}.Release|Any CPU.ActiveCfg = Release|Any CPU
		{BB8B36C2-C599-406F-9DDA-A77C9BEABC94}.Release|Any CPU.Build.0 = Release|Any CPU
		{CC82272E-E748-4232-BB8B-08391E351FC7}.Debug|Any CPU.ActiveCfg = Debug|Any CPU
		{CC82272E-E748-4232-BB8B-08391E351FC7}.Debug|Any CPU.Build.0 = Debug|Any CPU
		{CC82272E-E748-4232-BB8B-08391E351FC7}.Release|Any CPU.ActiveCfg = Release|Any CPU
		{CC82272E-E748-4232-BB8B-08391E351FC7}.Release|Any CPU.Build.0 = Release|Any CPU
		{67571C77-4695-44DF-987F-12633A025604}.Debug|Any CPU.ActiveCfg = Debug|Any CPU
		{67571C77-4695-44DF-987F-12633A025604}.Debug|Any CPU.Build.0 = Debug|Any CPU
		{67571C77-4695-44DF-987F-12633A025604}.Release|Any CPU.ActiveCfg = Release|Any CPU
		{67571C77-4695-44DF-987F-12633A025604}.Release|Any CPU.Build.0 = Release|Any CPU
		{21A3670B-5178-4A53-8827-084C5B561843}.Debug|Any CPU.ActiveCfg = Debug|Any CPU
		{21A3670B-5178-4A53-8827-084C5B561843}.Debug|Any CPU.Build.0 = Debug|Any CPU
		{21A3670B-5178-4A53-8827-084C5B561843}.Release|Any CPU.ActiveCfg = Release|Any CPU
		{21A3670B-5178-4A53-8827-084C5B561843}.Release|Any CPU.Build.0 = Release|Any CPU
		{A9BC80BD-D91B-4DA9-9C80-9690E9DC850D}.Debug|Any CPU.ActiveCfg = Debug|Any CPU
		{A9BC80BD-D91B-4DA9-9C80-9690E9DC850D}.Debug|Any CPU.Build.0 = Debug|Any CPU
		{A9BC80BD-D91B-4DA9-9C80-9690E9DC850D}.Release|Any CPU.ActiveCfg = Release|Any CPU
		{A9BC80BD-D91B-4DA9-9C80-9690E9DC850D}.Release|Any CPU.Build.0 = Release|Any CPU
		{1165E778-1962-47B2-9120-4689A3DFDC1A}.Debug|Any CPU.ActiveCfg = Debug|Any CPU
		{1165E778-1962-47B2-9120-4689A3DFDC1A}.Debug|Any CPU.Build.0 = Debug|Any CPU
		{1165E778-1962-47B2-9120-4689A3DFDC1A}.Release|Any CPU.ActiveCfg = Release|Any CPU
		{1165E778-1962-47B2-9120-4689A3DFDC1A}.Release|Any CPU.Build.0 = Release|Any CPU
		{595DC5DD-92AA-4A0F-AB94-2F59E0A93208}.Debug|Any CPU.ActiveCfg = Debug|Any CPU
		{595DC5DD-92AA-4A0F-AB94-2F59E0A93208}.Debug|Any CPU.Build.0 = Debug|Any CPU
		{595DC5DD-92AA-4A0F-AB94-2F59E0A93208}.Release|Any CPU.ActiveCfg = Release|Any CPU
		{595DC5DD-92AA-4A0F-AB94-2F59E0A93208}.Release|Any CPU.Build.0 = Release|Any CPU
		{C4331C7A-2114-423C-B0C8-B66BEB16AD70}.Debug|Any CPU.ActiveCfg = Debug|Any CPU
		{C4331C7A-2114-423C-B0C8-B66BEB16AD70}.Debug|Any CPU.Build.0 = Debug|Any CPU
		{C4331C7A-2114-423C-B0C8-B66BEB16AD70}.Release|Any CPU.ActiveCfg = Release|Any CPU
		{C4331C7A-2114-423C-B0C8-B66BEB16AD70}.Release|Any CPU.Build.0 = Release|Any CPU
		{52A092F0-3B0B-453A-99B5-AFACAB709FF5}.Debug|Any CPU.ActiveCfg = Debug|Any CPU
		{52A092F0-3B0B-453A-99B5-AFACAB709FF5}.Debug|Any CPU.Build.0 = Debug|Any CPU
		{52A092F0-3B0B-453A-99B5-AFACAB709FF5}.Release|Any CPU.ActiveCfg = Release|Any CPU
		{52A092F0-3B0B-453A-99B5-AFACAB709FF5}.Release|Any CPU.Build.0 = Release|Any CPU
	EndGlobalSection
	GlobalSection(SolutionProperties) = preSolution
		HideSolutionNode = FALSE
	EndGlobalSection
	GlobalSection(NestedProjects) = preSolution
		{50191A2C-B0AC-438D-8511-1E626B22A421} = {FEF0D3BE-C1ED-4F0C-B24C-6C648FFB2B5F}
		{861421DD-08C0-4FAC-82C6-2C676593C5FE} = {FEF0D3BE-C1ED-4F0C-B24C-6C648FFB2B5F}
		{FE79BFB2-22F7-435B-9A83-1048CCEF5DFD} = {7D9C2496-EA56-46AC-B76C-751159745902}
		{BB8B36C2-C599-406F-9DDA-A77C9BEABC94} = {7D9C2496-EA56-46AC-B76C-751159745902}
		{CC82272E-E748-4232-BB8B-08391E351FC7} = {7D9C2496-EA56-46AC-B76C-751159745902}
		{67571C77-4695-44DF-987F-12633A025604} = {57DB2D04-AF9C-49F0-9527-2F2A8C3C52E9}
		{21A3670B-5178-4A53-8827-084C5B561843} = {57DB2D04-AF9C-49F0-9527-2F2A8C3C52E9}
		{A9BC80BD-D91B-4DA9-9C80-9690E9DC850D} = {57DB2D04-AF9C-49F0-9527-2F2A8C3C52E9}
		{1165E778-1962-47B2-9120-4689A3DFDC1A} = {ABDEB4C7-4E21-47DD-94AF-1B8107D42654}
		{595DC5DD-92AA-4A0F-AB94-2F59E0A93208} = {ABDEB4C7-4E21-47DD-94AF-1B8107D42654}
		{C4331C7A-2114-423C-B0C8-B66BEB16AD70} = {FEF0D3BE-C1ED-4F0C-B24C-6C648FFB2B5F}
		{52A092F0-3B0B-453A-99B5-AFACAB709FF5} = {ABDEB4C7-4E21-47DD-94AF-1B8107D42654}
	EndGlobalSection
	GlobalSection(ExtensibilityGlobals) = postSolution
		SolutionGuid = {855946A3-C3D3-4E44-B362-7B41C88AD3F3}
	EndGlobalSection
EndGlobal
