
Microsoft Visual Studio Solution File, Format Version 12.00
# Visual Studio Version 16
VisualStudioVersion = 16.0.33927.289
MinimumVisualStudioVersion = 10.0.40219.1
Project("{2150E333-8FDC-42A3-9474-1A3956D46DE8}") = "Task0", "Task0", "{FEF0D3BE-C1ED-4F0C-B24C-6C648FFB2B5F}"
EndProject
Project("{FAE04EC0-301F-11D3-BF4B-00C04F79EFBC}") = "Tyuiu.PyatkovaAYu.Sprint6.Task0.V8.Lib", "Tyuiu.PyatkovaAYu.Sprint6.Task0.V8.Lib\Tyuiu.PyatkovaAYu.Sprint6.Task0.V8.Lib.csproj", "{50191A2C-B0AC-438D-8511-1E626B22A421}"
EndProject
Project("{FAE04EC0-301F-11D3-BF4B-00C04F79EFBC}") = "Tyuiu.PyatkovaAYu.Sprint6.Task0.V8.Test", "Tyuiu.PyatkovaAYu.Sprint6.Task0.V8.Test\Tyuiu.PyatkovaAYu.Sprint6.Task0.V8.Test.csproj", "{861421DD-08C0-4FAC-82C6-2C676593C5FE}"
EndProject
Project("{2150E333-8FDC-42A3-9474-1A3956D46DE8}") = "Task1", "Task1", "{7D9C2496-EA56-46AC-B76C-751159745902}"
EndProject
Project("{2150E333-8FDC-42A3-9474-1A3956D46DE8}") = "Task2", "Task2", "{57DB2D04-AF9C-49F0-9527-2F2A8C3C52E9}"
EndProject
Project("{2150E333-8FDC-42A3-9474-1A3956D46DE8}") = "Task3", "Task3", "{ABDEB4C7-4E21-47DD-94AF-1B8107D42654}"
EndProject
Project("{FAE04EC0-301F-11D3-BF4B-00C04F79EFBC}") = "Tyuiu.PyatkovaAYu.Sprint6.Task1.V24", "Tyuiu.PyatkovaAYu.Sprint6.Task1.V24\Tyuiu.PyatkovaAYu.Sprint6.Task1.V24.csproj", "{FE79BFB2-22F7-435B-9A83-1048CCEF5DFD}"
EndProject
Project("{FAE04EC0-301F-11D3-BF4B-00C04F79EFBC}") = "Tyuiu.PyatkovaAYu.Sprint6.Task1.V24.Lib", "Tyuiu.PyatkovaAYu.Sprint6.Task1.V24.Lib\Tyuiu.PyatkovaAYu.Sprint6.Task1.V24.Lib.csproj", "{BB8B36C2-C599-406F-9DDA-A77C9BEABC94}"
EndProject
Project("{FAE04EC0-301F-11D3-BF4B-00C04F79EFBC}") = "Tyuiu.PyatkovaAYu.Sprint6.Task1.V24.Test", "Tyuiu.PyatkovaAYu.Sprint6.Task1.V24.Test\Tyuiu.PyatkovaAYu.Sprint6.Task1.V24.Test.csproj", "{CC82272E-E748-4232-BB8B-08391E351FC7}"
EndProject
Project("{FAE04EC0-301F-11D3-BF4B-00C04F79EFBC}") = "Tyuiu.PyatkovaAYu.Sprint6.Task2.V26", "Tyuiu.PyatkovaAYu.Sprint6.Task2.V26\Tyuiu.PyatkovaAYu.Sprint6.Task2.V26.csproj", "{67571C77-4695-44DF-987F-12633A025604}"
EndProject
Project("{FAE04EC0-301F-11D3-BF4B-00C04F79EFBC}") = "Tyuiu.PyatkovaAYu.Sprint6.Task2.V26.Lib", "Tyuiu.PyatkovaAYu.Sprint6.Task2.V26.Lib\Tyuiu.PyatkovaAYu.Sprint6.Task2.V26.Lib.csproj", "{21A3670B-5178-4A53-8827-084C5B561843}"
EndProject
Project("{FAE04EC0-301F-11D3-BF4B-00C04F79EFBC}") = "Tyuiu.PyatkovaAYu.Sprint6.Task2.V26.Test", "Tyuiu.PyatkovaAYu.Sprint6.Task2.V26.Test\Tyuiu.PyatkovaAYu.Sprint6.Task2.V26.Test.csproj", "{A9BC80BD-D91B-4DA9-9C80-9690E9DC850D}"
EndProject
Project("{FAE04EC0-301F-11D3-BF4B-00C04F79EFBC}") = "Tyuiu.PyatkovaAYu.Sprint6.Task3.V16", "Tyuiu.PyatkovaAYu.Sprint6.Task3.V16\Tyuiu.PyatkovaAYu.Sprint6.Task3.V16.csproj", "{1165E778-1962-47B2-9120-4689A3DFDC1A}"
EndProject
Project("{FAE04EC0-301F-11D3-BF4B-00C04F79EFBC}") = "Tyuiu.PyatkovaAYu.Sprint6.Task3.V16.Lib", "Tyuiu.PyatkovaAYu.Sprint6.Task3.V16.Lib\Tyuiu.PyatkovaAYu.Sprint6.Task3.V16.Lib.csproj", "{595DC5DD-92AA-4A0F-AB94-2F59E0A93208}"
EndProject
Project("{FAE04EC0-301F-11D3-BF4B-00C04F79EFBC}") = "Tyuiu.PyatkovaAYu.Sprint6.Task0.V8", "Tyuiu.PyatkovaAYu.Sprint6.Task0.V8\Tyuiu.PyatkovaAYu.Sprint6.Task0.V8.csproj", "{C4331C7A-2114-423C-B0C8-B66BEB16AD70}"
EndProject
Project("{FAE04EC0-301F-11D3-BF4B-00C04F79EFBC}") = "Tyuiu.PyatkovaAYu.Sprint6.Task3.V16.Test", "Tyuiu.PyatkovaAYu.Sprint6.Task3.V16.Test\Tyuiu.PyatkovaAYu.Sprint6.Task3.V16.Test.csproj", "{52A092F0-3B0B-453A-99B5-AFACAB709FF5}"
EndProject
Project("{2150E333-8FDC-42A3-9474-1A3956D46DE8}") = "Task4", "Task4", "{43EE53F2-E538-4E8D-99A8-C0E1CFD5B19E}"
EndProject
Project("{FAE04EC0-301F-11D3-BF4B-00C04F79EFBC}") = "Tyuiu.PyatkovaAYu.Sprint6.Task4.V16", "Tyuiu.PyatkovaAYu.Sprint6.Task4.V16\Tyuiu.PyatkovaAYu.Sprint6.Task4.V16.csproj", "{D68E2D5D-F922-427B-A675-E28501D1C24C}"
EndProject
Project("{FAE04EC0-301F-11D3-BF4B-00C04F79EFBC}") = "Tyuiu.PyatkovaAYu.Sprint6.Task4.V16.Lib", "Tyuiu.PyatkovaAYu.Sprint6.Task4.V16.Lib\Tyuiu.PyatkovaAYu.Sprint6.Task4.V16.Lib.csproj", "{EF5689C9-A030-47ED-A102-4742F1A223EE}"
EndProject
Project("{FAE04EC0-301F-11D3-BF4B-00C04F79EFBC}") = "Tyuiu.PyatkovaAYu.Sprint6.Task4.V16.Test", "Tyuiu.PyatkovaAYu.Sprint6.Task4.V16.Test\Tyuiu.PyatkovaAYu.Sprint6.Task4.V16.Test.csproj", "{020B2E8A-6C93-4F71-BBAF-BBD3B335B10F}"
EndProject
Project("{2150E333-8FDC-42A3-9474-1A3956D46DE8}") = "Task5", "Task5", "{4EDF5495-8E62-467F-9C00-956B7143E244}"
EndProject
Project("{FAE04EC0-301F-11D3-BF4B-00C04F79EFBC}") = "Tyuiu.PyatkovaAYu.Sprint6.Task5.V9", "Tyuiu.PyatkovaAYu.Sprint6.Task5.V9\Tyuiu.PyatkovaAYu.Sprint6.Task5.V9.csproj", "{0DFDFD8D-E15F-4CCF-97D9-55592A0BE496}"
EndProject
Project("{FAE04EC0-301F-11D3-BF4B-00C04F79EFBC}") = "Tyuiu.PyatkovaAYu.Sprint6.Task5.V9.Lib", "Tyuiu.PyatkovaAYu.Sprint6.Task5.V9.Lib\Tyuiu.PyatkovaAYu.Sprint6.Task5.V9.Lib.csproj", "{688167FB-B58F-489E-8FC3-7D75BE63BB98}"
EndProject
Project("{FAE04EC0-301F-11D3-BF4B-00C04F79EFBC}") = "Tyuiu.PyatkovaAYu.Sprint6.Task5.V9.Test", "Tyuiu.PyatkovaAYu.Sprint6.Task5.V9.Test\Tyuiu.PyatkovaAYu.Sprint6.Task5.V9.Test.csproj", "{65DC3982-3A75-41D0-8C04-A55D673E2D12}"
EndProject
Project("{2150E333-8FDC-42A3-9474-1A3956D46DE8}") = "Task6", "Task6", "{3BF88A24-4526-4EEE-93C6-5CEE8986AF56}"
EndProject
Project("{FAE04EC0-301F-11D3-BF4B-00C04F79EFBC}") = "Tyuiu.PyatkovaAYu.Sprint6.Task6.V27", "Tyuiu.PyatkovaAYu.Sprint6.Task6.V27\Tyuiu.PyatkovaAYu.Sprint6.Task6.V27.csproj", "{EB48EFE0-DAC4-4D4D-8334-F44B691487EE}"
EndProject
Project("{FAE04EC0-301F-11D3-BF4B-00C04F79EFBC}") = "Tyuiu.PyatkovaAYu.Sprint6.Task6.V27.Lib", "Tyuiu.PyatkovaAYu.Sprint6.Task6.V27.Lib\Tyuiu.PyatkovaAYu.Sprint6.Task6.V27.Lib.csproj", "{783B789F-BB05-480B-A2A7-1C9BDB252055}"
EndProject
Project("{FAE04EC0-301F-11D3-BF4B-00C04F79EFBC}") = "Tyuiu.PyatkovaAYu.Sprint6.Task6.V27.Test", "Tyuiu.PyatkovaAYu.Sprint6.Task6.V27.Test\Tyuiu.PyatkovaAYu.Sprint6.Task6.V27.Test.csproj", "{7DB8DDE0-6EBB-48B2-BC40-D8147AAB772F}"
EndProject
Project("{2150E333-8FDC-42A3-9474-1A3956D46DE8}") = "Task7", "Task7", "{69A27648-212A-4E99-9DF7-68651FC6C026}"
EndProject
Project("{FAE04EC0-301F-11D3-BF4B-00C04F79EFBC}") = "Tyuiu.PyatkovaAYu.Sprint6.Task7.V25", "Tyuiu.PyatkovaAYu.Sprint6.Task7.V25\Tyuiu.PyatkovaAYu.Sprint6.Task7.V25.csproj", "{66E0B59B-9DA8-4E2C-B95A-DD515DEEB183}"
EndProject
Project("{FAE04EC0-301F-11D3-BF4B-00C04F79EFBC}") = "Tyuiu.PyatkovaAYu.Sprint6.Task7.V25.Lib", "Tyuiu.PyatkovaAYu.Sprint6.Task7.V25.Lib\Tyuiu.PyatkovaAYu.Sprint6.Task7.V25.Lib.csproj", "{19B5DD2B-7008-46E2-96AE-6067B793DF89}"
EndProject
Project("{FAE04EC0-301F-11D3-BF4B-00C04F79EFBC}") = "Tyuiu.PyatkovaAYu.Sprint6.Task7.V25.Test", "Tyuiu.PyatkovaAYu.Sprint6.Task7.V25.Test\Tyuiu.PyatkovaAYu.Sprint6.Task7.V25.Test.csproj", "{ED7B3467-FE56-49F6-8C76-4E500831D414}"
EndProject
Global
	GlobalSection(SolutionConfigurationPlatforms) = preSolution
		Debug|Any CPU = Debug|Any CPU
		Release|Any CPU = Release|Any CPU
	EndGlobalSection
	GlobalSection(ProjectConfigurationPlatforms) = postSolution
		{50191A2C-B0AC-438D-8511-1E626B22A421}.Debug|Any CPU.ActiveCfg = Debug|Any CPU
		{50191A2C-B0AC-438D-8511-1E626B22A421}.Debug|Any CPU.Build.0 = Debug|Any CPU
		{50191A2C-B0AC-438D-8511-1E626B22A421}.Release|Any CPU.ActiveCfg = Release|Any CPU
		{50191A2C-B0AC-438D-8511-1E626B22A421}.Release|Any CPU.Build.0 = Release|Any CPU
		{861421DD-08C0-4FAC-82C6-2C676593C5FE}.Debug|Any CPU.ActiveCfg = Debug|Any CPU
		{861421DD-08C0-4FAC-82C6-2C676593C5FE}.Debug|Any CPU.Build.0 = Debug|Any CPU
		{861421DD-08C0-4FAC-82C6-2C676593C5FE}.Release|Any CPU.ActiveCfg = Release|Any CPU
		{861421DD-08C0-4FAC-82C6-2C676593C5FE}.Release|Any CPU.Build.0 = Release|Any CPU
		{FE79BFB2-22F7-435B-9A83-1048CCEF5DFD}.Debug|Any CPU.ActiveCfg = Debug|Any CPU
		{FE79BFB2-22F7-435B-9A83-1048CCEF5DFD}.Debug|Any CPU.Build.0 = Debug|Any CPU
		{FE79BFB2-22F7-435B-9A83-1048CCEF5DFD}.Release|Any CPU.ActiveCfg = Release|Any CPU
		{FE79BFB2-22F7-435B-9A83-1048CCEF5DFD}.Release|Any CPU.Build.0 = Release|Any CPU
		{BB8B36C2-C599-406F-9DDA-A77C9BEABC94}.Debug|Any CPU.ActiveCfg = Debug|Any CPU
		{BB8B36C2-C599-406F-9DDA-A77C9BEABC94}.Debug|Any CPU.Build.0 = Debug|Any CPU
		{BB8B36C2-C599-406F-9DDA-A77C9BEABC94}.Release|Any CPU.ActiveCfg = Release|Any CPU
		{BB8B36C2-C599-406F-9DDA-A77C9BEABC94}.Release|Any CPU.Build.0 = Release|Any CPU
		{CC82272E-E748-4232-BB8B-08391E351FC7}.Debug|Any CPU.ActiveCfg = Debug|Any CPU
		{CC82272E-E748-4232-BB8B-08391E351FC7}.Debug|Any CPU.Build.0 = Debug|Any CPU
		{CC82272E-E748-4232-BB8B-08391E351FC7}.Release|Any CPU.ActiveCfg = Release|Any CPU
		{CC82272E-E748-4232-BB8B-08391E351FC7}.Release|Any CPU.Build.0 = Release|Any CPU
		{67571C77-4695-44DF-987F-12633A025604}.Debug|Any CPU.ActiveCfg = Debug|Any CPU
		{67571C77-4695-44DF-987F-12633A025604}.Debug|Any CPU.Build.0 = Debug|Any CPU
		{67571C77-4695-44DF-987F-12633A025604}.Release|Any CPU.ActiveCfg = Release|Any CPU
		{67571C77-4695-44DF-987F-12633A025604}.Release|Any CPU.Build.0 = Release|Any CPU
		{21A3670B-5178-4A53-8827-084C5B561843}.Debug|Any CPU.ActiveCfg = Debug|Any CPU
		{21A3670B-5178-4A53-8827-084C5B561843}.Debug|Any CPU.Build.0 = Debug|Any CPU
		{21A3670B-5178-4A53-8827-084C5B561843}.Release|Any CPU.ActiveCfg = Release|Any CPU
		{21A3670B-5178-4A53-8827-084C5B561843}.Release|Any CPU.Build.0 = Release|Any CPU
		{A9BC80BD-D91B-4DA9-9C80-9690E9DC850D}.Debug|Any CPU.ActiveCfg = Debug|Any CPU
		{A9BC80BD-D91B-4DA9-9C80-9690E9DC850D}.Debug|Any CPU.Build.0 = Debug|Any CPU
		{A9BC80BD-D91B-4DA9-9C80-9690E9DC850D}.Release|Any CPU.ActiveCfg = Release|Any CPU
		{A9BC80BD-D91B-4DA9-9C80-9690E9DC850D}.Release|Any CPU.Build.0 = Release|Any CPU
		{1165E778-1962-47B2-9120-4689A3DFDC1A}.Debug|Any CPU.ActiveCfg = Debug|Any CPU
		{1165E778-1962-47B2-9120-4689A3DFDC1A}.Debug|Any CPU.Build.0 = Debug|Any CPU
		{1165E778-1962-47B2-9120-4689A3DFDC1A}.Release|Any CPU.ActiveCfg = Release|Any CPU
		{1165E778-1962-47B2-9120-4689A3DFDC1A}.Release|Any CPU.Build.0 = Release|Any CPU
		{595DC5DD-92AA-4A0F-AB94-2F59E0A93208}.Debug|Any CPU.ActiveCfg = Debug|Any CPU
		{595DC5DD-92AA-4A0F-AB94-2F59E0A93208}.Debug|Any CPU.Build.0 = Debug|Any CPU
		{595DC5DD-92AA-4A0F-AB94-2F59E0A93208}.Release|Any CPU.ActiveCfg = Release|Any CPU
		{595DC5DD-92AA-4A0F-AB94-2F59E0A93208}.Release|Any CPU.Build.0 = Release|Any CPU
		{C4331C7A-2114-423C-B0C8-B66BEB16AD70}.Debug|Any CPU.ActiveCfg = Debug|Any CPU
		{C4331C7A-2114-423C-B0C8-B66BEB16AD70}.Debug|Any CPU.Build.0 = Debug|Any CPU
		{C4331C7A-2114-423C-B0C8-B66BEB16AD70}.Release|Any CPU.ActiveCfg = Release|Any CPU
		{C4331C7A-2114-423C-B0C8-B66BEB16AD70}.Release|Any CPU.Build.0 = Release|Any CPU
		{52A092F0-3B0B-453A-99B5-AFACAB709FF5}.Debug|Any CPU.ActiveCfg = Debug|Any CPU
		{52A092F0-3B0B-453A-99B5-AFACAB709FF5}.Debug|Any CPU.Build.0 = Debug|Any CPU
		{52A092F0-3B0B-453A-99B5-AFACAB709FF5}.Release|Any CPU.ActiveCfg = Release|Any CPU
		{52A092F0-3B0B-453A-99B5-AFACAB709FF5}.Release|Any CPU.Build.0 = Release|Any CPU
		{D68E2D5D-F922-427B-A675-E28501D1C24C}.Debug|Any CPU.ActiveCfg = Debug|Any CPU
		{D68E2D5D-F922-427B-A675-E28501D1C24C}.Debug|Any CPU.Build.0 = Debug|Any CPU
		{D68E2D5D-F922-427B-A675-E28501D1C24C}.Release|Any CPU.ActiveCfg = Release|Any CPU
		{D68E2D5D-F922-427B-A675-E28501D1C24C}.Release|Any CPU.Build.0 = Release|Any CPU
		{EF5689C9-A030-47ED-A102-4742F1A223EE}.Debug|Any CPU.ActiveCfg = Debug|Any CPU
		{EF5689C9-A030-47ED-A102-4742F1A223EE}.Debug|Any CPU.Build.0 = Debug|Any CPU
		{EF5689C9-A030-47ED-A102-4742F1A223EE}.Release|Any CPU.ActiveCfg = Release|Any CPU
		{EF5689C9-A030-47ED-A102-4742F1A223EE}.Release|Any CPU.Build.0 = Release|Any CPU
		{020B2E8A-6C93-4F71-BBAF-BBD3B335B10F}.Debug|Any CPU.ActiveCfg = Debug|Any CPU
		{020B2E8A-6C93-4F71-BBAF-BBD3B335B10F}.Debug|Any CPU.Build.0 = Debug|Any CPU
		{020B2E8A-6C93-4F71-BBAF-BBD3B335B10F}.Release|Any CPU.ActiveCfg = Release|Any CPU
		{020B2E8A-6C93-4F71-BBAF-BBD3B335B10F}.Release|Any CPU.Build.0 = Release|Any CPU
		{0DFDFD8D-E15F-4CCF-97D9-55592A0BE496}.Debug|Any CPU.ActiveCfg = Debug|Any CPU
		{0DFDFD8D-E15F-4CCF-97D9-55592A0BE496}.Debug|Any CPU.Build.0 = Debug|Any CPU
		{0DFDFD8D-E15F-4CCF-97D9-55592A0BE496}.Release|Any CPU.ActiveCfg = Release|Any CPU
		{0DFDFD8D-E15F-4CCF-97D9-55592A0BE496}.Release|Any CPU.Build.0 = Release|Any CPU
		{688167FB-B58F-489E-8FC3-7D75BE63BB98}.Debug|Any CPU.ActiveCfg = Debug|Any CPU
		{688167FB-B58F-489E-8FC3-7D75BE63BB98}.Debug|Any CPU.Build.0 = Debug|Any CPU
		{688167FB-B58F-489E-8FC3-7D75BE63BB98}.Release|Any CPU.ActiveCfg = Release|Any CPU
		{688167FB-B58F-489E-8FC3-7D75BE63BB98}.Release|Any CPU.Build.0 = Release|Any CPU
		{65DC3982-3A75-41D0-8C04-A55D673E2D12}.Debug|Any CPU.ActiveCfg = Debug|Any CPU
		{65DC3982-3A75-41D0-8C04-A55D673E2D12}.Debug|Any CPU.Build.0 = Debug|Any CPU
		{65DC3982-3A75-41D0-8C04-A55D673E2D12}.Release|Any CPU.ActiveCfg = Release|Any CPU
		{65DC3982-3A75-41D0-8C04-A55D673E2D12}.Release|Any CPU.Build.0 = Release|Any CPU
		{EB48EFE0-DAC4-4D4D-8334-F44B691487EE}.Debug|Any CPU.ActiveCfg = Debug|Any CPU
		{EB48EFE0-DAC4-4D4D-8334-F44B691487EE}.Debug|Any CPU.Build.0 = Debug|Any CPU
		{EB48EFE0-DAC4-4D4D-8334-F44B691487EE}.Release|Any CPU.ActiveCfg = Release|Any CPU
		{EB48EFE0-DAC4-4D4D-8334-F44B691487EE}.Release|Any CPU.Build.0 = Release|Any CPU
		{783B789F-BB05-480B-A2A7-1C9BDB252055}.Debug|Any CPU.ActiveCfg = Debug|Any CPU
		{783B789F-BB05-480B-A2A7-1C9BDB252055}.Debug|Any CPU.Build.0 = Debug|Any CPU
		{783B789F-BB05-480B-A2A7-1C9BDB252055}.Release|Any CPU.ActiveCfg = Release|Any CPU
		{783B789F-BB05-480B-A2A7-1C9BDB252055}.Release|Any CPU.Build.0 = Release|Any CPU
		{7DB8DDE0-6EBB-48B2-BC40-D8147AAB772F}.Debug|Any CPU.ActiveCfg = Debug|Any CPU
		{7DB8DDE0-6EBB-48B2-BC40-D8147AAB772F}.Debug|Any CPU.Build.0 = Debug|Any CPU
		{7DB8DDE0-6EBB-48B2-BC40-D8147AAB772F}.Release|Any CPU.ActiveCfg = Release|Any CPU
		{7DB8DDE0-6EBB-48B2-BC40-D8147AAB772F}.Release|Any CPU.Build.0 = Release|Any CPU
		{66E0B59B-9DA8-4E2C-B95A-DD515DEEB183}.Debug|Any CPU.ActiveCfg = Debug|Any CPU
		{66E0B59B-9DA8-4E2C-B95A-DD515DEEB183}.Debug|Any CPU.Build.0 = Debug|Any CPU
		{66E0B59B-9DA8-4E2C-B95A-DD515DEEB183}.Release|Any CPU.ActiveCfg = Release|Any CPU
		{66E0B59B-9DA8-4E2C-B95A-DD515DEEB183}.Release|Any CPU.Build.0 = Release|Any CPU
		{19B5DD2B-7008-46E2-96AE-6067B793DF89}.Debug|Any CPU.ActiveCfg = Debug|Any CPU
		{19B5DD2B-7008-46E2-96AE-6067B793DF89}.Debug|Any CPU.Build.0 = Debug|Any CPU
		{19B5DD2B-7008-46E2-96AE-6067B793DF89}.Release|Any CPU.ActiveCfg = Release|Any CPU
		{19B5DD2B-7008-46E2-96AE-6067B793DF89}.Release|Any CPU.Build.0 = Release|Any CPU
		{ED7B3467-FE56-49F6-8C76-4E500831D414}.Debug|Any CPU.ActiveCfg = Debug|Any CPU
		{ED7B3467-FE56-49F6-8C76-4E500831D414}.Debug|Any CPU.Build.0 = Debug|Any CPU
		{ED7B3467-FE56-49F6-8C76-4E500831D414}.Release|Any CPU.ActiveCfg = Release|Any CPU
		{ED7B3467-FE56-49F6-8C76-4E500831D414}.Release|Any CPU.Build.0 = Release|Any CPU
	EndGlobalSection
	GlobalSection(SolutionProperties) = preSolution
		HideSolutionNode = FALSE
	EndGlobalSection
	GlobalSection(NestedProjects) = preSolution
		{50191A2C-B0AC-438D-8511-1E626B22A421} = {FEF0D3BE-C1ED-4F0C-B24C-6C648FFB2B5F}
		{861421DD-08C0-4FAC-82C6-2C676593C5FE} = {FEF0D3BE-C1ED-4F0C-B24C-6C648FFB2B5F}
		{FE79BFB2-22F7-435B-9A83-1048CCEF5DFD} = {7D9C2496-EA56-46AC-B76C-751159745902}
		{BB8B36C2-C599-406F-9DDA-A77C9BEABC94} = {7D9C2496-EA56-46AC-B76C-751159745902}
		{CC82272E-E748-4232-BB8B-08391E351FC7} = {7D9C2496-EA56-46AC-B76C-751159745902}
		{67571C77-4695-44DF-987F-12633A025604} = {57DB2D04-AF9C-49F0-9527-2F2A8C3C52E9}
		{21A3670B-5178-4A53-8827-084C5B561843} = {57DB2D04-AF9C-49F0-9527-2F2A8C3C52E9}
		{A9BC80BD-D91B-4DA9-9C80-9690E9DC850D} = {57DB2D04-AF9C-49F0-9527-2F2A8C3C52E9}
		{1165E778-1962-47B2-9120-4689A3DFDC1A} = {ABDEB4C7-4E21-47DD-94AF-1B8107D42654}
		{595DC5DD-92AA-4A0F-AB94-2F59E0A93208} = {ABDEB4C7-4E21-47DD-94AF-1B8107D42654}
		{C4331C7A-2114-423C-B0C8-B66BEB16AD70} = {FEF0D3BE-C1ED-4F0C-B24C-6C648FFB2B5F}
		{52A092F0-3B0B-453A-99B5-AFACAB709FF5} = {ABDEB4C7-4E21-47DD-94AF-1B8107D42654}
		{D68E2D5D-F922-427B-A675-E28501D1C24C} = {43EE53F2-E538-4E8D-99A8-C0E1CFD5B19E}
		{EF5689C9-A030-47ED-A102-4742F1A223EE} = {43EE53F2-E538-4E8D-99A8-C0E1CFD5B19E}
		{020B2E8A-6C93-4F71-BBAF-BBD3B335B10F} = {43EE53F2-E538-4E8D-99A8-C0E1CFD5B19E}
		{0DFDFD8D-E15F-4CCF-97D9-55592A0BE496} = {4EDF5495-8E62-467F-9C00-956B7143E244}
		{688167FB-B58F-489E-8FC3-7D75BE63BB98} = {4EDF5495-8E62-467F-9C00-956B7143E244}
		{65DC3982-3A75-41D0-8C04-A55D673E2D12} = {4EDF5495-8E62-467F-9C00-956B7143E244}
		{EB48EFE0-DAC4-4D4D-8334-F44B691487EE} = {3BF88A24-4526-4EEE-93C6-5CEE8986AF56}
		{783B789F-BB05-480B-A2A7-1C9BDB252055} = {3BF88A24-4526-4EEE-93C6-5CEE8986AF56}
		{7DB8DDE0-6EBB-48B2-BC40-D8147AAB772F} = {3BF88A24-4526-4EEE-93C6-5CEE8986AF56}
		{66E0B59B-9DA8-4E2C-B95A-DD515DEEB183} = {69A27648-212A-4E99-9DF7-68651FC6C026}
		{19B5DD2B-7008-46E2-96AE-6067B793DF89} = {69A27648-212A-4E99-9DF7-68651FC6C026}
		{ED7B3467-FE56-49F6-8C76-4E500831D414} = {69A27648-212A-4E99-9DF7-68651FC6C026}
	EndGlobalSection
	GlobalSection(ExtensibilityGlobals) = postSolution
		SolutionGuid = {855946A3-C3D3-4E44-B362-7B41C88AD3F3}
	EndGlobalSection
EndGlobal
